// !$*UTF8*$!
{
	archiveVersion = 1;
	classes = {
	};
	objectVersion = 52;
	objects = {

/* Begin PBXBuildFile section */
		C351DC0927589299004A2973 /* WebViewModel.swift in Sources */ = {isa = PBXBuildFile; fileRef = C351DC0827589299004A2973 /* WebViewModel.swift */; };
		C351DC0B2758ABB9004A2973 /* WebViewRefreshControlHelper.swift in Sources */ = {isa = PBXBuildFile; fileRef = C351DC0A2758ABB9004A2973 /* WebViewRefreshControlHelper.swift */; };
		C39511E8275C851700879A9B /* JsAlert.swift in Sources */ = {isa = PBXBuildFile; fileRef = C39511E7275C851700879A9B /* JsAlert.swift */; };
		C39511EC275C877D00879A9B /* MyTextAlertView.swift in Sources */ = {isa = PBXBuildFile; fileRef = C39511EB275C877D00879A9B /* MyTextAlertView.swift */; };
		C3DE8932275DDB7400CCC2E4 /* NetworkManager.swift in Sources */ = {isa = PBXBuildFile; fileRef = C3DE8931275DDB7400CCC2E4 /* NetworkManager.swift */; };
		C3DE8936275DE15100CCC2E4 /* index.html in Resources */ = {isa = PBXBuildFile; fileRef = C3DE8935275DE15100CCC2E4 /* index.html */; };
		C3F9A6572777300B00BB3AC5 /* GoogleService-Info-Dev.plist in Resources */ = {isa = PBXBuildFile; fileRef = C3F9A6552777300B00BB3AC5 /* GoogleService-Info-Dev.plist */; };
		C3F9A6582777300B00BB3AC5 /* GoogleService-Info-Prod.plist in Resources */ = {isa = PBXBuildFile; fileRef = C3F9A6562777300B00BB3AC5 /* GoogleService-Info-Prod.plist */; };
		D795935E277DA8E100ED9117 /* FirebaseFirestore in Frameworks */ = {isa = PBXBuildFile; productRef = D795935D277DA8E100ED9117 /* FirebaseFirestore */; };
		D7959360277DA8E100ED9117 /* FirebaseMessaging in Frameworks */ = {isa = PBXBuildFile; productRef = D795935F277DA8E100ED9117 /* FirebaseMessaging */; };
		F2B4AF9724AD6159008402EE /* AppDelegate.swift in Sources */ = {isa = PBXBuildFile; fileRef = F2B4AF9624AD6159008402EE /* AppDelegate.swift */; };
		F2B4AF9924AD6159008402EE /* SceneDelegate.swift in Sources */ = {isa = PBXBuildFile; fileRef = F2B4AF9824AD6159008402EE /* SceneDelegate.swift */; };
		F2B4AF9B24AD6159008402EE /* ContentView.swift in Sources */ = {isa = PBXBuildFile; fileRef = F2B4AF9A24AD6159008402EE /* ContentView.swift */; };
		F2B4AF9D24AD615B008402EE /* Assets.xcassets in Resources */ = {isa = PBXBuildFile; fileRef = F2B4AF9C24AD615B008402EE /* Assets.xcassets */; };
		F2B4AFA024AD615B008402EE /* Preview Assets.xcassets in Resources */ = {isa = PBXBuildFile; fileRef = F2B4AF9F24AD615B008402EE /* Preview Assets.xcassets */; };
		F2B4AFA324AD615B008402EE /* LaunchScreen.storyboard in Resources */ = {isa = PBXBuildFile; fileRef = F2B4AFA124AD615B008402EE /* LaunchScreen.storyboard */; };
		F2B4AFAB24AD61B5008402EE /* MyWebview.swift in Sources */ = {isa = PBXBuildFile; fileRef = F2B4AFAA24AD61B5008402EE /* MyWebview.swift */; };
/* End PBXBuildFile section */

/* Begin PBXFileReference section */
		C351DC0827589299004A2973 /* WebViewModel.swift */ = {isa = PBXFileReference; lastKnownFileType = sourcecode.swift; path = WebViewModel.swift; sourceTree = "<group>"; };
		C351DC0A2758ABB9004A2973 /* WebViewRefreshControlHelper.swift */ = {isa = PBXFileReference; lastKnownFileType = sourcecode.swift; path = WebViewRefreshControlHelper.swift; sourceTree = "<group>"; };
		C39511E7275C851700879A9B /* JsAlert.swift */ = {isa = PBXFileReference; fileEncoding = 4; lastKnownFileType = sourcecode.swift; path = JsAlert.swift; sourceTree = "<group>"; };
		C39511EB275C877D00879A9B /* MyTextAlertView.swift */ = {isa = PBXFileReference; fileEncoding = 4; lastKnownFileType = sourcecode.swift; path = MyTextAlertView.swift; sourceTree = "<group>"; };
		C3DE8929275DC79F00CCC2E4 /* Roi웹뷰.entitlements */ = {isa = PBXFileReference; lastKnownFileType = text.plist.entitlements; path = "Roi웹뷰.entitlements"; sourceTree = "<group>"; };
		C3DE8931275DDB7400CCC2E4 /* NetworkManager.swift */ = {isa = PBXFileReference; fileEncoding = 4; lastKnownFileType = sourcecode.swift; path = NetworkManager.swift; sourceTree = "<group>"; };
		C3DE8935275DE15100CCC2E4 /* index.html */ = {isa = PBXFileReference; fileEncoding = 4; lastKnownFileType = text.html; path = index.html; sourceTree = "<group>"; };
		C3F9A6552777300B00BB3AC5 /* GoogleService-Info-Dev.plist */ = {isa = PBXFileReference; fileEncoding = 4; lastKnownFileType = text.plist.xml; path = "GoogleService-Info-Dev.plist"; sourceTree = "<group>"; };
		C3F9A6562777300B00BB3AC5 /* GoogleService-Info-Prod.plist */ = {isa = PBXFileReference; fileEncoding = 4; lastKnownFileType = text.plist.xml; path = "GoogleService-Info-Prod.plist"; sourceTree = "<group>"; };
		F2B4AF9324AD6159008402EE /* RoitWebview.app */ = {isa = PBXFileReference; explicitFileType = wrapper.application; includeInIndex = 0; path = RoitWebview.app; sourceTree = BUILT_PRODUCTS_DIR; };
		F2B4AF9624AD6159008402EE /* AppDelegate.swift */ = {isa = PBXFileReference; lastKnownFileType = sourcecode.swift; path = AppDelegate.swift; sourceTree = "<group>"; };
		F2B4AF9824AD6159008402EE /* SceneDelegate.swift */ = {isa = PBXFileReference; lastKnownFileType = sourcecode.swift; path = SceneDelegate.swift; sourceTree = "<group>"; };
		F2B4AF9A24AD6159008402EE /* ContentView.swift */ = {isa = PBXFileReference; lastKnownFileType = sourcecode.swift; path = ContentView.swift; sourceTree = "<group>"; };
		F2B4AF9C24AD615B008402EE /* Assets.xcassets */ = {isa = PBXFileReference; lastKnownFileType = folder.assetcatalog; path = Assets.xcassets; sourceTree = "<group>"; };
		F2B4AF9F24AD615B008402EE /* Preview Assets.xcassets */ = {isa = PBXFileReference; lastKnownFileType = folder.assetcatalog; path = "Preview Assets.xcassets"; sourceTree = "<group>"; };
		F2B4AFA224AD615B008402EE /* Base */ = {isa = PBXFileReference; lastKnownFileType = file.storyboard; name = Base; path = Base.lproj/LaunchScreen.storyboard; sourceTree = "<group>"; };
		F2B4AFA424AD615B008402EE /* Info.plist */ = {isa = PBXFileReference; lastKnownFileType = text.plist.xml; path = Info.plist; sourceTree = "<group>"; };
		F2B4AFAA24AD61B5008402EE /* MyWebview.swift */ = {isa = PBXFileReference; lastKnownFileType = sourcecode.swift; path = MyWebview.swift; sourceTree = "<group>"; };
/* End PBXFileReference section */

/* Begin PBXFrameworksBuildPhase section */
		F2B4AF9024AD6159008402EE /* Frameworks */ = {
			isa = PBXFrameworksBuildPhase;
			buildActionMask = 2147483647;
			files = (
				D7959360277DA8E100ED9117 /* FirebaseMessaging in Frameworks */,
				D795935E277DA8E100ED9117 /* FirebaseFirestore in Frameworks */,
			);
			runOnlyForDeploymentPostprocessing = 0;
		};
/* End PBXFrameworksBuildPhase section */

/* Begin PBXGroup section */
		C3DE892A275DCE7900CCC2E4 /* Firebase */ = {
			isa = PBXGroup;
			children = (
				C3F9A6552777300B00BB3AC5 /* GoogleService-Info-Dev.plist */,
				C3F9A6562777300B00BB3AC5 /* GoogleService-Info-Prod.plist */,
			);
			path = Firebase;
			sourceTree = "<group>";
		};
		F2B4AF8A24AD6159008402EE = {
			isa = PBXGroup;
			children = (
				C3DE8929275DC79F00CCC2E4 /* Roi웹뷰.entitlements */,
				F2B4AF9524AD6159008402EE /* RoitWebApp */,
				F2B4AF9424AD6159008402EE /* Products */,
			);
			sourceTree = "<group>";
		};
		F2B4AF9424AD6159008402EE /* Products */ = {
			isa = PBXGroup;
			children = (
				F2B4AF9324AD6159008402EE /* RoitWebview.app */,
			);
			name = Products;
			sourceTree = "<group>";
		};
		F2B4AF9524AD6159008402EE /* RoitWebApp */ = {
			isa = PBXGroup;
			children = (
				C3DE8935275DE15100CCC2E4 /* index.html */,
				C3DE892A275DCE7900CCC2E4 /* Firebase */,
				F2B4AF9624AD6159008402EE /* AppDelegate.swift */,
				C3DE8931275DDB7400CCC2E4 /* NetworkManager.swift */,
				F2B4AF9824AD6159008402EE /* SceneDelegate.swift */,
				F2B4AF9A24AD6159008402EE /* ContentView.swift */,
				F2B4AF9C24AD615B008402EE /* Assets.xcassets */,
				F2B4AFAA24AD61B5008402EE /* MyWebview.swift */,
				C351DC0827589299004A2973 /* WebViewModel.swift */,
				C351DC0A2758ABB9004A2973 /* WebViewRefreshControlHelper.swift */,
				C39511EB275C877D00879A9B /* MyTextAlertView.swift */,
				C39511E7275C851700879A9B /* JsAlert.swift */,
				F2B4AFA124AD615B008402EE /* LaunchScreen.storyboard */,
				F2B4AFA424AD615B008402EE /* Info.plist */,
				F2B4AF9E24AD615B008402EE /* Preview Content */,
			);
			path = RoitWebApp;
			sourceTree = "<group>";
		};
		F2B4AF9E24AD615B008402EE /* Preview Content */ = {
			isa = PBXGroup;
			children = (
				F2B4AF9F24AD615B008402EE /* Preview Assets.xcassets */,
			);
			path = "Preview Content";
			sourceTree = "<group>";
		};
/* End PBXGroup section */

/* Begin PBXNativeTarget section */
		F2B4AF9224AD6159008402EE /* RoitWebview */ = {
			isa = PBXNativeTarget;
			buildConfigurationList = F2B4AFA724AD615B008402EE /* Build configuration list for PBXNativeTarget "RoitWebview" */;
			buildPhases = (
				F2B4AF8F24AD6159008402EE /* Sources */,
				F2B4AF9024AD6159008402EE /* Frameworks */,
				F2B4AF9124AD6159008402EE /* Resources */,
				C3DE892E275DD01F00CCC2E4 /* Firebase info plist */,
			);
			buildRules = (
			);
			dependencies = (
			);
			name = RoitWebview;
			packageProductDependencies = (
				D795935D277DA8E100ED9117 /* FirebaseFirestore */,
				D795935F277DA8E100ED9117 /* FirebaseMessaging */,
			);
			productName = SwiftUI_Webview_tutorial;
			productReference = F2B4AF9324AD6159008402EE /* RoitWebview.app */;
			productType = "com.apple.product-type.application";
		};
/* End PBXNativeTarget section */

/* Begin PBXProject section */
		F2B4AF8B24AD6159008402EE /* Project object */ = {
			isa = PBXProject;
			attributes = {
				LastSwiftUpdateCheck = 1150;
				LastUpgradeCheck = 1150;
				ORGANIZATIONNAME = Tuentuenna;
				TargetAttributes = {
					F2B4AF9224AD6159008402EE = {
						CreatedOnToolsVersion = 11.5;
					};
				};
			};
			buildConfigurationList = F2B4AF8E24AD6159008402EE /* Build configuration list for PBXProject "RoitWebApp" */;
			compatibilityVersion = "Xcode 9.3";
			developmentRegion = en;
			hasScannedForEncodings = 0;
			knownRegions = (
				en,
				Base,
			);
			mainGroup = F2B4AF8A24AD6159008402EE;
			packageReferences = (
				D795935C277DA8E000ED9117 /* XCRemoteSwiftPackageReference "firebase-ios-sdk" */,
			);
			productRefGroup = F2B4AF9424AD6159008402EE /* Products */;
			projectDirPath = "";
			projectRoot = "";
			targets = (
				F2B4AF9224AD6159008402EE /* RoitWebview */,
			);
		};
/* End PBXProject section */

/* Begin PBXResourcesBuildPhase section */
		F2B4AF9124AD6159008402EE /* Resources */ = {
			isa = PBXResourcesBuildPhase;
			buildActionMask = 2147483647;
			files = (
				C3F9A6572777300B00BB3AC5 /* GoogleService-Info-Dev.plist in Resources */,
				C3DE8936275DE15100CCC2E4 /* index.html in Resources */,
				C3F9A6582777300B00BB3AC5 /* GoogleService-Info-Prod.plist in Resources */,
				F2B4AFA324AD615B008402EE /* LaunchScreen.storyboard in Resources */,
				F2B4AFA024AD615B008402EE /* Preview Assets.xcassets in Resources */,
				F2B4AF9D24AD615B008402EE /* Assets.xcassets in Resources */,
			);
			runOnlyForDeploymentPostprocessing = 0;
		};
/* End PBXResourcesBuildPhase section */

/* Begin PBXShellScriptBuildPhase section */
		C3DE892E275DD01F00CCC2E4 /* Firebase info plist */ = {
			isa = PBXShellScriptBuildPhase;
			buildActionMask = 2147483647;
			files = (
			);
			inputFileListPaths = (
			);
			inputPaths = (
			);
			name = "Firebase info plist";
			outputFileListPaths = (
			);
			outputPaths = (
			);
			runOnlyForDeploymentPostprocessing = 0;
			shellPath = /bin/sh;
			shellScript = "# Type a script or drag a script file from your workspace to insert its path.\nPATH_TO_GOOGLE_PLISTS=\"${PROJECT_DIR}/RoitWebApp/Firebase\"\n\ncase \"${CONFIGURATION}\" in\n\n   \"Debug\")\n        cp -r \"$PATH_TO_GOOGLE_PLISTS/GoogleService-Info-Dev.plist\" \"${BUILT_PRODUCTS_DIR}/${PRODUCT_NAME}.app/GoogleService-Info.plist\" ;;\n\n   \"Release\")\n        cp -r \"$PATH_TO_GOOGLE_PLISTS/GoogleService-Info-Prod.plist\" \"${BUILT_PRODUCTS_DIR}/${PRODUCT_NAME}.app/GoogleService-Info.plist\" ;;\n\n    *)\n        ;;\nesac\n";
		};
/* End PBXShellScriptBuildPhase section */

/* Begin PBXSourcesBuildPhase section */
		F2B4AF8F24AD6159008402EE /* Sources */ = {
			isa = PBXSourcesBuildPhase;
			buildActionMask = 2147483647;
			files = (
				F2B4AF9724AD6159008402EE /* AppDelegate.swift in Sources */,
				C3DE8932275DDB7400CCC2E4 /* NetworkManager.swift in Sources */,
				F2B4AFAB24AD61B5008402EE /* MyWebview.swift in Sources */,
				F2B4AF9924AD6159008402EE /* SceneDelegate.swift in Sources */,
				C351DC0927589299004A2973 /* WebViewModel.swift in Sources */,
				C39511EC275C877D00879A9B /* MyTextAlertView.swift in Sources */,
				C39511E8275C851700879A9B /* JsAlert.swift in Sources */,
				F2B4AF9B24AD6159008402EE /* ContentView.swift in Sources */,
				C351DC0B2758ABB9004A2973 /* WebViewRefreshControlHelper.swift in Sources */,
			);
			runOnlyForDeploymentPostprocessing = 0;
		};
/* End PBXSourcesBuildPhase section */

/* Begin PBXVariantGroup section */
		F2B4AFA124AD615B008402EE /* LaunchScreen.storyboard */ = {
			isa = PBXVariantGroup;
			children = (
				F2B4AFA224AD615B008402EE /* Base */,
			);
			name = LaunchScreen.storyboard;
			sourceTree = "<group>";
		};
/* End PBXVariantGroup section */

/* Begin XCBuildConfiguration section */
		F2B4AFA524AD615B008402EE /* Debug */ = {
			isa = XCBuildConfiguration;
			buildSettings = {
				ALWAYS_SEARCH_USER_PATHS = NO;
				CLANG_ANALYZER_NONNULL = YES;
				CLANG_ANALYZER_NUMBER_OBJECT_CONVERSION = YES_AGGRESSIVE;
				CLANG_CXX_LANGUAGE_STANDARD = "gnu++14";
				CLANG_CXX_LIBRARY = "libc++";
				CLANG_ENABLE_MODULES = YES;
				CLANG_ENABLE_OBJC_ARC = YES;
				CLANG_ENABLE_OBJC_WEAK = YES;
				CLANG_WARN_BLOCK_CAPTURE_AUTORELEASING = YES;
				CLANG_WARN_BOOL_CONVERSION = YES;
				CLANG_WARN_COMMA = YES;
				CLANG_WARN_CONSTANT_CONVERSION = YES;
				CLANG_WARN_DEPRECATED_OBJC_IMPLEMENTATIONS = YES;
				CLANG_WARN_DIRECT_OBJC_ISA_USAGE = YES_ERROR;
				CLANG_WARN_DOCUMENTATION_COMMENTS = YES;
				CLANG_WARN_EMPTY_BODY = YES;
				CLANG_WARN_ENUM_CONVERSION = YES;
				CLANG_WARN_INFINITE_RECURSION = YES;
				CLANG_WARN_INT_CONVERSION = YES;
				CLANG_WARN_NON_LITERAL_NULL_CONVERSION = YES;
				CLANG_WARN_OBJC_IMPLICIT_RETAIN_SELF = YES;
				CLANG_WARN_OBJC_LITERAL_CONVERSION = YES;
				CLANG_WARN_OBJC_ROOT_CLASS = YES_ERROR;
				CLANG_WARN_RANGE_LOOP_ANALYSIS = YES;
				CLANG_WARN_STRICT_PROTOTYPES = YES;
				CLANG_WARN_SUSPICIOUS_MOVE = YES;
				CLANG_WARN_UNGUARDED_AVAILABILITY = YES_AGGRESSIVE;
				CLANG_WARN_UNREACHABLE_CODE = YES;
				CLANG_WARN__DUPLICATE_METHOD_MATCH = YES;
				COPY_PHASE_STRIP = NO;
				DEBUG_INFORMATION_FORMAT = dwarf;
				ENABLE_STRICT_OBJC_MSGSEND = YES;
				ENABLE_TESTABILITY = YES;
				GCC_C_LANGUAGE_STANDARD = gnu11;
				GCC_DYNAMIC_NO_PIC = NO;
				GCC_NO_COMMON_BLOCKS = YES;
				GCC_OPTIMIZATION_LEVEL = 0;
				GCC_PREPROCESSOR_DEFINITIONS = (
					"DEBUG=1",
					"$(inherited)",
				);
				GCC_WARN_64_TO_32_BIT_CONVERSION = YES;
				GCC_WARN_ABOUT_RETURN_TYPE = YES_ERROR;
				GCC_WARN_UNDECLARED_SELECTOR = YES;
				GCC_WARN_UNINITIALIZED_AUTOS = YES_AGGRESSIVE;
				GCC_WARN_UNUSED_FUNCTION = YES;
				GCC_WARN_UNUSED_VARIABLE = YES;
				IPHONEOS_DEPLOYMENT_TARGET = 14;
				MTL_ENABLE_DEBUG_INFO = INCLUDE_SOURCE;
				MTL_FAST_MATH = YES;
				ONLY_ACTIVE_ARCH = YES;
				SDKROOT = iphoneos;
				SWIFT_ACTIVE_COMPILATION_CONDITIONS = DEBUG;
				SWIFT_OPTIMIZATION_LEVEL = "-Onone";
			};
			name = Debug;
		};
		F2B4AFA624AD615B008402EE /* Release */ = {
			isa = XCBuildConfiguration;
			buildSettings = {
				ALWAYS_SEARCH_USER_PATHS = NO;
				CLANG_ANALYZER_NONNULL = YES;
				CLANG_ANALYZER_NUMBER_OBJECT_CONVERSION = YES_AGGRESSIVE;
				CLANG_CXX_LANGUAGE_STANDARD = "gnu++14";
				CLANG_CXX_LIBRARY = "libc++";
				CLANG_ENABLE_MODULES = YES;
				CLANG_ENABLE_OBJC_ARC = YES;
				CLANG_ENABLE_OBJC_WEAK = YES;
				CLANG_WARN_BLOCK_CAPTURE_AUTORELEASING = YES;
				CLANG_WARN_BOOL_CONVERSION = YES;
				CLANG_WARN_COMMA = YES;
				CLANG_WARN_CONSTANT_CONVERSION = YES;
				CLANG_WARN_DEPRECATED_OBJC_IMPLEMENTATIONS = YES;
				CLANG_WARN_DIRECT_OBJC_ISA_USAGE = YES_ERROR;
				CLANG_WARN_DOCUMENTATION_COMMENTS = YES;
				CLANG_WARN_EMPTY_BODY = YES;
				CLANG_WARN_ENUM_CONVERSION = YES;
				CLANG_WARN_INFINITE_RECURSION = YES;
				CLANG_WARN_INT_CONVERSION = YES;
				CLANG_WARN_NON_LITERAL_NULL_CONVERSION = YES;
				CLANG_WARN_OBJC_IMPLICIT_RETAIN_SELF = YES;
				CLANG_WARN_OBJC_LITERAL_CONVERSION = YES;
				CLANG_WARN_OBJC_ROOT_CLASS = YES_ERROR;
				CLANG_WARN_RANGE_LOOP_ANALYSIS = YES;
				CLANG_WARN_STRICT_PROTOTYPES = YES;
				CLANG_WARN_SUSPICIOUS_MOVE = YES;
				CLANG_WARN_UNGUARDED_AVAILABILITY = YES_AGGRESSIVE;
				CLANG_WARN_UNREACHABLE_CODE = YES;
				CLANG_WARN__DUPLICATE_METHOD_MATCH = YES;
				COPY_PHASE_STRIP = NO;
				DEBUG_INFORMATION_FORMAT = "dwarf-with-dsym";
				ENABLE_NS_ASSERTIONS = NO;
				ENABLE_STRICT_OBJC_MSGSEND = YES;
				GCC_C_LANGUAGE_STANDARD = gnu11;
				GCC_NO_COMMON_BLOCKS = YES;
				GCC_WARN_64_TO_32_BIT_CONVERSION = YES;
				GCC_WARN_ABOUT_RETURN_TYPE = YES_ERROR;
				GCC_WARN_UNDECLARED_SELECTOR = YES;
				GCC_WARN_UNINITIALIZED_AUTOS = YES_AGGRESSIVE;
				GCC_WARN_UNUSED_FUNCTION = YES;
				GCC_WARN_UNUSED_VARIABLE = YES;
				IPHONEOS_DEPLOYMENT_TARGET = 14;
				MTL_ENABLE_DEBUG_INFO = NO;
				MTL_FAST_MATH = YES;
				SDKROOT = iphoneos;
				SWIFT_COMPILATION_MODE = wholemodule;
				SWIFT_OPTIMIZATION_LEVEL = "-O";
				VALIDATE_PRODUCT = YES;
			};
			name = Release;
		};
		F2B4AFA824AD615B008402EE /* Debug */ = {
			isa = XCBuildConfiguration;
			buildSettings = {
				ASSETCATALOG_COMPILER_APPICON_NAME = AppIcon.Dev;
				BUNDLE_ID_SUFFIX = .dev;
				CODE_SIGN_ENTITLEMENTS = "Roi웹뷰.entitlements";
				CODE_SIGN_STYLE = Automatic;
				DEVELOPMENT_ASSET_PATHS = "\"RoitWebApp/Preview Content\"";
				DEVELOPMENT_TEAM = R98ZVC8RBD;
				ENABLE_PREVIEWS = YES;
				INFOPLIST_FILE = RoitWebApp/Info.plist;
				INFOPLIST_KEY_CFBundleDisplayName = "디버그";
				IPHONEOS_DEPLOYMENT_TARGET = 14;
				LD_RUNPATH_SEARCH_PATHS = (
					"$(inherited)",
					"@executable_path/Frameworks",
				);
				PRODUCT_BUNDLE_IDENTIFIER = net.smartpmis.roit.develop;
				PRODUCT_NAME = "$(TARGET_NAME)";
				SWIFT_VERSION = 5.0;
				TARGETED_DEVICE_FAMILY = "1,2";
			};
			name = Debug;
		};
		F2B4AFA924AD615B008402EE /* Release */ = {
			isa = XCBuildConfiguration;
			buildSettings = {
				ASSETCATALOG_COMPILER_APPICON_NAME = AppIcon;
				BUNDLE_ID_SUFFIX = "";
				CODE_SIGN_ENTITLEMENTS = "Roi웹뷰.entitlements";
				CODE_SIGN_STYLE = Automatic;
				DEVELOPMENT_ASSET_PATHS = "\"RoitWebApp/Preview Content\"";
				DEVELOPMENT_TEAM = R98ZVC8RBD;
				ENABLE_PREVIEWS = YES;
				INFOPLIST_FILE = RoitWebApp/Info.plist;
				INFOPLIST_KEY_CFBundleDisplayName = "운영";
				IPHONEOS_DEPLOYMENT_TARGET = 14;
				LD_RUNPATH_SEARCH_PATHS = (
					"$(inherited)",
					"@executable_path/Frameworks",
				);
				PRODUCT_BUNDLE_IDENTIFIER = net.smartpmis.roit;
				PRODUCT_NAME = "$(TARGET_NAME)";
				SWIFT_VERSION = 5.0;
				TARGETED_DEVICE_FAMILY = "1,2";
			};
			name = Release;
		};
/* End XCBuildConfiguration section */

/* Begin XCConfigurationList section */
		F2B4AF8E24AD6159008402EE /* Build configuration list for PBXProject "RoitWebApp" */ = {
			isa = XCConfigurationList;
			buildConfigurations = (
				F2B4AFA524AD615B008402EE /* Debug */,
				F2B4AFA624AD615B008402EE /* Release */,
			);
			defaultConfigurationIsVisible = 0;
			defaultConfigurationName = Release;
		};
		F2B4AFA724AD615B008402EE /* Build configuration list for PBXNativeTarget "RoitWebview" */ = {
			isa = XCConfigurationList;
			buildConfigurations = (
				F2B4AFA824AD615B008402EE /* Debug */,
				F2B4AFA924AD615B008402EE /* Release */,
			);
			defaultConfigurationIsVisible = 0;
			defaultConfigurationName = Release;
		};
/* End XCConfigurationList section */

/* Begin XCRemoteSwiftPackageReference section */
		D795935C277DA8E000ED9117 /* XCRemoteSwiftPackageReference "firebase-ios-sdk" */ = {
			isa = XCRemoteSwiftPackageReference;
			repositoryURL = "https://github.com/firebase/firebase-ios-sdk";
			requirement = {
				kind = upToNextMajorVersion;
				minimumVersion = 8.0.0;
			};
		};
/* End XCRemoteSwiftPackageReference section */

/* Begin XCSwiftPackageProductDependency section */
		D795935D277DA8E100ED9117 /* FirebaseFirestore */ = {
			isa = XCSwiftPackageProductDependency;
			package = D795935C277DA8E000ED9117 /* XCRemoteSwiftPackageReference "firebase-ios-sdk" */;
			productName = FirebaseFirestore;
		};
		D795935F277DA8E100ED9117 /* FirebaseMessaging */ = {
			isa = XCSwiftPackageProductDependency;
			package = D795935C277DA8E000ED9117 /* XCRemoteSwiftPackageReference "firebase-ios-sdk" */;
			productName = FirebaseMessaging;
		};
/* End XCSwiftPackageProductDependency section */
	};
	rootObject = F2B4AF8B24AD6159008402EE /* Project object */;
}
